
Microsoft Visual Studio Solution File, Format Version 12.00
# Visual Studio Version 16
VisualStudioVersion = 16.0.31205.134
MinimumVisualStudioVersion = 10.0.40219.1
Project("{FAE04EC0-301F-11D3-BF4B-00C04F79EFBC}") = "prjMSIT141AjaxSite", "prjMSIT141AjaxSite\prjMSIT141AjaxSite.csproj", "{5F31A26C-1CA3-41B1-894D-739B2DC41A73}"
EndProject
Global
	GlobalSection(SolutionConfigurationPlatforms) = preSolution
		Debug|Any CPU = Debug|Any CPU
		Release|Any CPU = Release|Any CPU
	EndGlobalSection
	GlobalSection(ProjectConfigurationPlatforms) = postSolution
		{5F31A26C-1CA3-41B1-894D-739B2DC41A73}.Debug|Any CPU.ActiveCfg = Debug|Any CPU
		{5F31A26C-1CA3-41B1-894D-739B2DC41A73}.Debug|Any CPU.Build.0 = Debug|Any CPU
		{5F31A26C-1CA3-41B1-894D-739B2DC41A73}.Release|Any CPU.ActiveCfg = Release|Any CPU
		{5F31A26C-1CA3-41B1-894D-739B2DC41A73}.Release|Any CPU.Build.0 = Release|Any CPU
	EndGlobalSection
	GlobalSection(SolutionProperties) = preSolution
		HideSolutionNode = FALSE
	EndGlobalSection
	GlobalSection(ExtensibilityGlobals) = postSolution
		SolutionGuid = {523127F0-0245-4AA6-8DE9-5676C89ED8A6}
	EndGlobalSection
EndGlobal
